
Microsoft Visual Studio Solution File, Format Version 12.00
# Visual Studio Version 16
VisualStudioVersion = 16.0.29424.173
MinimumVisualStudioVersion = 10.0.40219.1
Project("{2150E333-8FDC-42A3-9474-1A3956D46DE8}") = "Problem", "Problem", "{96F12BFC-091B-433A-8C90-A199D834AC45}"
EndProject
Project("{2150E333-8FDC-42A3-9474-1A3956D46DE8}") = "S", "S", "{412DD281-7AEC-4916-BF2C-E71DC49A2C30}"
EndProject
Project("{FAE04EC0-301F-11D3-BF4B-00C04F79EFBC}") = "Person", "Person\Person.csproj", "{32D5FAB1-86FE-4DED-8D66-2B8B30545166}"
EndProject
Project("{2150E333-8FDC-42A3-9474-1A3956D46DE8}") = "Solution", "Solution", "{4B48BB33-A1A6-4CB8-962D-927EA0F2421E}"
EndProject
Project("{2150E333-8FDC-42A3-9474-1A3956D46DE8}") = "S", "S", "{EFBD3DF0-1280-49A2-8BB2-ED001463DD9A}"
EndProject
Project("{FAE04EC0-301F-11D3-BF4B-00C04F79EFBC}") = "PersonCor", "Product\PersonCor.csproj", "{ABE59522-F280-42BB-92FC-80E2C960000E}"
EndProject
Project("{2150E333-8FDC-42A3-9474-1A3956D46DE8}") = "L", "L", "{47B052D7-32F8-459F-8A1B-F39966FDFDA9}"
EndProject
Project("{FAE04EC0-301F-11D3-BF4B-00C04F79EFBC}") = "Shape", "Shape\Shape.csproj", "{05668BA3-1869-4909-AE9E-9EEC24815D8D}"
EndProject
Project("{2150E333-8FDC-42A3-9474-1A3956D46DE8}") = "L", "L", "{774FE3D1-E67E-4FF3-BFDB-F0C547E0B587}"
EndProject
Project("{FAE04EC0-301F-11D3-BF4B-00C04F79EFBC}") = "ShapeCor", "ShapeCor\ShapeCor.csproj", "{74824F89-B0EA-4E03-8DC2-1072765FF055}"
EndProject
Project("{2150E333-8FDC-42A3-9474-1A3956D46DE8}") = "I", "I", "{8077CB7F-1F39-47D1-B677-5EAF81F48630}"
EndProject
Project("{FAE04EC0-301F-11D3-BF4B-00C04F79EFBC}") = "Shape_2", "Shape_2\Shape_2.csproj", "{23706E3F-2579-4887-9060-4C819454D22C}"
EndProject
Project("{2150E333-8FDC-42A3-9474-1A3956D46DE8}") = "I", "I", "{105BB8E6-111C-4074-B0A4-5F68065DB2AC}"
EndProject
Project("{FAE04EC0-301F-11D3-BF4B-00C04F79EFBC}") = "Shape_2Corr", "Shape_2Corr\Shape_2Corr.csproj", "{67EF20EF-2F61-4848-A22D-F7FC7D2BAFE4}"
EndProject
Project("{2150E333-8FDC-42A3-9474-1A3956D46DE8}") = "O", "O", "{11C2A3ED-A1F7-454C-AF7A-20BE6DAA15FA}"
EndProject
Project("{FAE04EC0-301F-11D3-BF4B-00C04F79EFBC}") = "Person_2", "Person_2\Person_2.csproj", "{5122B929-A5FA-437A-AB50-72C19FC80878}"
EndProject
Project("{2150E333-8FDC-42A3-9474-1A3956D46DE8}") = "O", "O", "{4DD21279-DF3B-4AE0-808B-20F9B855D9F1}"
EndProject
Project("{FAE04EC0-301F-11D3-BF4B-00C04F79EFBC}") = "Person_2Corr", "Person_2Corr\Person_2Corr.csproj", "{898609B0-D876-4E38-A016-B974F0527C8C}"
EndProject
Project("{2150E333-8FDC-42A3-9474-1A3956D46DE8}") = "D", "D", "{250853A6-B533-40BF-9479-FABD59250BFB}"
EndProject
Project("{FAE04EC0-301F-11D3-BF4B-00C04F79EFBC}") = "Car", "Car\Car.csproj", "{198CBBC9-59B4-47D7-96DD-4D528788D440}"
EndProject
Project("{2150E333-8FDC-42A3-9474-1A3956D46DE8}") = "D", "D", "{85366000-25CF-4BAA-93CF-40817363E7A1}"
EndProject
Project("{FAE04EC0-301F-11D3-BF4B-00C04F79EFBC}") = "Car_correct", "Car_correct\Car_correct.csproj", "{BB86C157-8CDC-4FB5-A101-054B5FE081A6}"
EndProject
Global
	GlobalSection(SolutionConfigurationPlatforms) = preSolution
		Debug|Any CPU = Debug|Any CPU
		Release|Any CPU = Release|Any CPU
	EndGlobalSection
	GlobalSection(ProjectConfigurationPlatforms) = postSolution
		{32D5FAB1-86FE-4DED-8D66-2B8B30545166}.Debug|Any CPU.ActiveCfg = Debug|Any CPU
		{32D5FAB1-86FE-4DED-8D66-2B8B30545166}.Debug|Any CPU.Build.0 = Debug|Any CPU
		{32D5FAB1-86FE-4DED-8D66-2B8B30545166}.Release|Any CPU.ActiveCfg = Release|Any CPU
		{32D5FAB1-86FE-4DED-8D66-2B8B30545166}.Release|Any CPU.Build.0 = Release|Any CPU
		{ABE59522-F280-42BB-92FC-80E2C960000E}.Debug|Any CPU.ActiveCfg = Debug|Any CPU
		{ABE59522-F280-42BB-92FC-80E2C960000E}.Debug|Any CPU.Build.0 = Debug|Any CPU
		{ABE59522-F280-42BB-92FC-80E2C960000E}.Release|Any CPU.ActiveCfg = Release|Any CPU
		{ABE59522-F280-42BB-92FC-80E2C960000E}.Release|Any CPU.Build.0 = Release|Any CPU
		{05668BA3-1869-4909-AE9E-9EEC24815D8D}.Debug|Any CPU.ActiveCfg = Debug|Any CPU
		{05668BA3-1869-4909-AE9E-9EEC24815D8D}.Debug|Any CPU.Build.0 = Debug|Any CPU
		{05668BA3-1869-4909-AE9E-9EEC24815D8D}.Release|Any CPU.ActiveCfg = Release|Any CPU
		{05668BA3-1869-4909-AE9E-9EEC24815D8D}.Release|Any CPU.Build.0 = Release|Any CPU
		{74824F89-B0EA-4E03-8DC2-1072765FF055}.Debug|Any CPU.ActiveCfg = Debug|Any CPU
		{74824F89-B0EA-4E03-8DC2-1072765FF055}.Debug|Any CPU.Build.0 = Debug|Any CPU
		{74824F89-B0EA-4E03-8DC2-1072765FF055}.Release|Any CPU.ActiveCfg = Release|Any CPU
		{74824F89-B0EA-4E03-8DC2-1072765FF055}.Release|Any CPU.Build.0 = Release|Any CPU
		{23706E3F-2579-4887-9060-4C819454D22C}.Debug|Any CPU.ActiveCfg = Debug|Any CPU
		{23706E3F-2579-4887-9060-4C819454D22C}.Debug|Any CPU.Build.0 = Debug|Any CPU
		{23706E3F-2579-4887-9060-4C819454D22C}.Release|Any CPU.ActiveCfg = Release|Any CPU
		{23706E3F-2579-4887-9060-4C819454D22C}.Release|Any CPU.Build.0 = Release|Any CPU
		{67EF20EF-2F61-4848-A22D-F7FC7D2BAFE4}.Debug|Any CPU.ActiveCfg = Debug|Any CPU
		{67EF20EF-2F61-4848-A22D-F7FC7D2BAFE4}.Debug|Any CPU.Build.0 = Debug|Any CPU
		{67EF20EF-2F61-4848-A22D-F7FC7D2BAFE4}.Release|Any CPU.ActiveCfg = Release|Any CPU
		{67EF20EF-2F61-4848-A22D-F7FC7D2BAFE4}.Release|Any CPU.Build.0 = Release|Any CPU
		{5122B929-A5FA-437A-AB50-72C19FC80878}.Debug|Any CPU.ActiveCfg = Debug|Any CPU
		{5122B929-A5FA-437A-AB50-72C19FC80878}.Debug|Any CPU.Build.0 = Debug|Any CPU
		{5122B929-A5FA-437A-AB50-72C19FC80878}.Release|Any CPU.ActiveCfg = Release|Any CPU
		{5122B929-A5FA-437A-AB50-72C19FC80878}.Release|Any CPU.Build.0 = Release|Any CPU
		{898609B0-D876-4E38-A016-B974F0527C8C}.Debug|Any CPU.ActiveCfg = Debug|Any CPU
		{898609B0-D876-4E38-A016-B974F0527C8C}.Debug|Any CPU.Build.0 = Debug|Any CPU
		{898609B0-D876-4E38-A016-B974F0527C8C}.Release|Any CPU.ActiveCfg = Release|Any CPU
		{898609B0-D876-4E38-A016-B974F0527C8C}.Release|Any CPU.Build.0 = Release|Any CPU
		{198CBBC9-59B4-47D7-96DD-4D528788D440}.Debug|Any CPU.ActiveCfg = Debug|Any CPU
		{198CBBC9-59B4-47D7-96DD-4D528788D440}.Debug|Any CPU.Build.0 = Debug|Any CPU
		{198CBBC9-59B4-47D7-96DD-4D528788D440}.Release|Any CPU.ActiveCfg = Release|Any CPU
		{198CBBC9-59B4-47D7-96DD-4D528788D440}.Release|Any CPU.Build.0 = Release|Any CPU
		{BB86C157-8CDC-4FB5-A101-054B5FE081A6}.Debug|Any CPU.ActiveCfg = Debug|Any CPU
		{BB86C157-8CDC-4FB5-A101-054B5FE081A6}.Debug|Any CPU.Build.0 = Debug|Any CPU
		{BB86C157-8CDC-4FB5-A101-054B5FE081A6}.Release|Any CPU.ActiveCfg = Release|Any CPU
		{BB86C157-8CDC-4FB5-A101-054B5FE081A6}.Release|Any CPU.Build.0 = Release|Any CPU
	EndGlobalSection
	GlobalSection(SolutionProperties) = preSolution
		HideSolutionNode = FALSE
	EndGlobalSection
	GlobalSection(NestedProjects) = preSolution
		{412DD281-7AEC-4916-BF2C-E71DC49A2C30} = {96F12BFC-091B-433A-8C90-A199D834AC45}
		{32D5FAB1-86FE-4DED-8D66-2B8B30545166} = {412DD281-7AEC-4916-BF2C-E71DC49A2C30}
		{EFBD3DF0-1280-49A2-8BB2-ED001463DD9A} = {4B48BB33-A1A6-4CB8-962D-927EA0F2421E}
		{ABE59522-F280-42BB-92FC-80E2C960000E} = {EFBD3DF0-1280-49A2-8BB2-ED001463DD9A}
		{47B052D7-32F8-459F-8A1B-F39966FDFDA9} = {96F12BFC-091B-433A-8C90-A199D834AC45}
		{05668BA3-1869-4909-AE9E-9EEC24815D8D} = {47B052D7-32F8-459F-8A1B-F39966FDFDA9}
		{774FE3D1-E67E-4FF3-BFDB-F0C547E0B587} = {4B48BB33-A1A6-4CB8-962D-927EA0F2421E}
		{74824F89-B0EA-4E03-8DC2-1072765FF055} = {774FE3D1-E67E-4FF3-BFDB-F0C547E0B587}
		{8077CB7F-1F39-47D1-B677-5EAF81F48630} = {96F12BFC-091B-433A-8C90-A199D834AC45}
		{23706E3F-2579-4887-9060-4C819454D22C} = {8077CB7F-1F39-47D1-B677-5EAF81F48630}
		{105BB8E6-111C-4074-B0A4-5F68065DB2AC} = {4B48BB33-A1A6-4CB8-962D-927EA0F2421E}
		{67EF20EF-2F61-4848-A22D-F7FC7D2BAFE4} = {105BB8E6-111C-4074-B0A4-5F68065DB2AC}
		{11C2A3ED-A1F7-454C-AF7A-20BE6DAA15FA} = {96F12BFC-091B-433A-8C90-A199D834AC45}
		{5122B929-A5FA-437A-AB50-72C19FC80878} = {11C2A3ED-A1F7-454C-AF7A-20BE6DAA15FA}
		{4DD21279-DF3B-4AE0-808B-20F9B855D9F1} = {4B48BB33-A1A6-4CB8-962D-927EA0F2421E}
		{898609B0-D876-4E38-A016-B974F0527C8C} = {4DD21279-DF3B-4AE0-808B-20F9B855D9F1}
		{250853A6-B533-40BF-9479-FABD59250BFB} = {96F12BFC-091B-433A-8C90-A199D834AC45}
		{198CBBC9-59B4-47D7-96DD-4D528788D440} = {250853A6-B533-40BF-9479-FABD59250BFB}
		{85366000-25CF-4BAA-93CF-40817363E7A1} = {4B48BB33-A1A6-4CB8-962D-927EA0F2421E}
		{BB86C157-8CDC-4FB5-A101-054B5FE081A6} = {85366000-25CF-4BAA-93CF-40817363E7A1}
	EndGlobalSection
	GlobalSection(ExtensibilityGlobals) = postSolution
		SolutionGuid = {3831580F-E807-4FE4-8034-CC9C8858794D}
	EndGlobalSection
EndGlobal
